Microsoft Visual Studio Solution File, Format Version 12.00
# Visual Studio Version 17
VisualStudioVersion = 17.5.2.0
MinimumVisualStudioVersion = 10.0.40219.1
Project("{FAE04EC0-301F-11D3-BF4B-00C04F79EFBC}") = "LibraryDatabase", "LibraryDatabase.csproj", "{BFE18380-FC80-24D3-FAFA-687C8AF0C94D}"
EndProject
Global
	GlobalSection(SolutionConfigurationPlatforms) = preSolution
		Debug|Any CPU = Debug|Any CPU
		Release|Any CPU = Release|Any CPU
	EndGlobalSection
	GlobalSection(ProjectConfigurationPlatforms) = postSolution
		{BFE18380-FC80-24D3-FAFA-687C8AF0C94D}.Debug|Any CPU.ActiveCfg = Debug|Any CPU
		{BFE18380-FC80-24D3-FAFA-687C8AF0C94D}.Debug|Any CPU.Build.0 = Debug|Any CPU
		{BFE18380-FC80-24D3-FAFA-687C8AF0C94D}.Release|Any CPU.ActiveCfg = Release|Any CPU
		{BFE18380-FC80-24D3-FAFA-687C8AF0C94D}.Release|Any CPU.Build.0 = Release|Any CPU
	EndGlobalSection
	GlobalSection(SolutionProperties) = preSolution
		HideSolutionNode = FALSE
	EndGlobalSection
	GlobalSection(ExtensibilityGlobals) = postSolution
		SolutionGuid = {AC6EBDCE-C527-4BEA-B788-0A2C513CF2BE}
	EndGlobalSection
EndGlobal
